// !$*UTF8*$!
{
	archiveVersion = 1;
	classes = {
	};
	objectVersion = 56;
	objects = {

/* Begin PBXBuildFile section */
		A808FA442AEA090C0056C484 /* HomeViewController.swift in Sources */ = {isa = PBXBuildFile; fileRef = A808FA432AEA090C0056C484 /* HomeViewController.swift */; };
		A808FA462AEA091F0056C484 /* SearchViewController.swift in Sources */ = {isa = PBXBuildFile; fileRef = A808FA452AEA091F0056C484 /* SearchViewController.swift */; };
		A808FA482AEA092B0056C484 /* NotificationViewController.swift in Sources */ = {isa = PBXBuildFile; fileRef = A808FA472AEA092B0056C484 /* NotificationViewController.swift */; };
		A808FA4A2AEA09450056C484 /* DirectMessagesViewController.swift in Sources */ = {isa = PBXBuildFile; fileRef = A808FA492AEA09450056C484 /* DirectMessagesViewController.swift */; };
		A80D03812B04863300F63E39 /* StorageManager.swift in Sources */ = {isa = PBXBuildFile; fileRef = A80D03802B04863300F63E39 /* StorageManager.swift */; };
		A80D03832B06163D00F63E39 /* ProfileViewViewModel.swift in Sources */ = {isa = PBXBuildFile; fileRef = A80D03822B06163D00F63E39 /* ProfileViewViewModel.swift */; };
		A80D03862B070B2600F63E39 /* SDWebImage in Frameworks */ = {isa = PBXBuildFile; productRef = A80D03852B070B2600F63E39 /* SDWebImage */; };
		A80D038A2B07522C00F63E39 /* UIColor.swift in Sources */ = {isa = PBXBuildFile; fileRef = A80D03892B07522C00F63E39 /* UIColor.swift */; };
		A80D038C2B07543100F63E39 /* TweetComposeViewController.swift in Sources */ = {isa = PBXBuildFile; fileRef = A80D038B2B07543100F63E39 /* TweetComposeViewController.swift */; };
		A827AD8F2AE371CC00D15C51 /* AppDelegate.swift in Sources */ = {isa = PBXBuildFile; fileRef = A827AD8E2AE371CC00D15C51 /* AppDelegate.swift */; };
		A827AD912AE371CC00D15C51 /* SceneDelegate.swift in Sources */ = {isa = PBXBuildFile; fileRef = A827AD902AE371CC00D15C51 /* SceneDelegate.swift */; };
		A827AD932AE371CC00D15C51 /* MainTabbarViewController.swift in Sources */ = {isa = PBXBuildFile; fileRef = A827AD922AE371CC00D15C51 /* MainTabbarViewController.swift */; };
		A827AD982AE371CD00D15C51 /* Assets.xcassets in Resources */ = {isa = PBXBuildFile; fileRef = A827AD972AE371CD00D15C51 /* Assets.xcassets */; };
		A827AD9B2AE371CD00D15C51 /* LaunchScreen.storyboard in Resources */ = {isa = PBXBuildFile; fileRef = A827AD992AE371CD00D15C51 /* LaunchScreen.storyboard */; };
		A8446C202B08A58D00B6A854 /* Tweet.swift in Sources */ = {isa = PBXBuildFile; fileRef = A8446C1F2B08A58D00B6A854 /* Tweet.swift */; };
		A8446C222B08A62E00B6A854 /* TweetComposeViewViewModel.swift in Sources */ = {isa = PBXBuildFile; fileRef = A8446C212B08A62E00B6A854 /* TweetComposeViewViewModel.swift */; };
		A84D3D312AF7415600319BA8 /* RegisterViewController.swift in Sources */ = {isa = PBXBuildFile; fileRef = A84D3D302AF7415600319BA8 /* RegisterViewController.swift */; };
		A84D3D352AF8959800319BA8 /* AuthenticationViewViewModel.swift in Sources */ = {isa = PBXBuildFile; fileRef = A84D3D342AF8959800319BA8 /* AuthenticationViewViewModel.swift */; };
		A84D3D382AFA29C700319BA8 /* AuthManager.swift in Sources */ = {isa = PBXBuildFile; fileRef = A84D3D372AFA29C700319BA8 /* AuthManager.swift */; };
		A8BE09B82AEBAF69000E3C9F /* TweetTableViewCell.swift in Sources */ = {isa = PBXBuildFile; fileRef = A8BE09B72AEBAF69000E3C9F /* TweetTableViewCell.swift */; };
		A8BE09BE2AF1F22C000E3C9F /* ProfileViewController.swift in Sources */ = {isa = PBXBuildFile; fileRef = A8BE09BD2AF1F22C000E3C9F /* ProfileViewController.swift */; };
		A8BE09C02AF22364000E3C9F /* ProfileTableViewHeader.swift in Sources */ = {isa = PBXBuildFile; fileRef = A8BE09BF2AF22364000E3C9F /* ProfileTableViewHeader.swift */; };
		A8BE09C22AF4D208000E3C9F /* GoogleService-Info.plist in Resources */ = {isa = PBXBuildFile; fileRef = A8BE09C12AF4D208000E3C9F /* GoogleService-Info.plist */; };
		A8BE09C52AF62217000E3C9F /* FirebaseAuth in Frameworks */ = {isa = PBXBuildFile; productRef = A8BE09C42AF62217000E3C9F /* FirebaseAuth */; };
		A8BE09C72AF62217000E3C9F /* FirebaseAuthCombine-Community in Frameworks */ = {isa = PBXBuildFile; productRef = A8BE09C62AF62217000E3C9F /* FirebaseAuthCombine-Community */; };
		A8BE09C92AF62217000E3C9F /* FirebaseDatabase in Frameworks */ = {isa = PBXBuildFile; productRef = A8BE09C82AF62217000E3C9F /* FirebaseDatabase */; };
		A8BE09CB2AF62217000E3C9F /* FirebaseDatabaseSwift in Frameworks */ = {isa = PBXBuildFile; productRef = A8BE09CA2AF62217000E3C9F /* FirebaseDatabaseSwift */; };
		A8BE09CD2AF62217000E3C9F /* FirebaseFirestore in Frameworks */ = {isa = PBXBuildFile; productRef = A8BE09CC2AF62217000E3C9F /* FirebaseFirestore */; };
		A8BE09CF2AF62217000E3C9F /* FirebaseFirestoreCombine-Community in Frameworks */ = {isa = PBXBuildFile; productRef = A8BE09CE2AF62217000E3C9F /* FirebaseFirestoreCombine-Community */; };
		A8BE09D12AF62217000E3C9F /* FirebaseFirestoreSwift in Frameworks */ = {isa = PBXBuildFile; productRef = A8BE09D02AF62217000E3C9F /* FirebaseFirestoreSwift */; };
		A8BE09D32AF62217000E3C9F /* FirebaseStorage in Frameworks */ = {isa = PBXBuildFile; productRef = A8BE09D22AF62217000E3C9F /* FirebaseStorage */; };
		A8BE09D52AF62217000E3C9F /* FirebaseStorageCombine-Community in Frameworks */ = {isa = PBXBuildFile; productRef = A8BE09D42AF62217000E3C9F /* FirebaseStorageCombine-Community */; };
		A8BE09D82AF64086000E3C9F /* OnboardingViewController.swift in Sources */ = {isa = PBXBuildFile; fileRef = A8BE09D72AF64086000E3C9F /* OnboardingViewController.swift */; };
		A8F468B82AFC7C8D0016719B /* LoginViewController.swift in Sources */ = {isa = PBXBuildFile; fileRef = A8F468B72AFC7C8D0016719B /* LoginViewController.swift */; };
		A8F468BB2B007EA40016719B /* TwitterUser.swift in Sources */ = {isa = PBXBuildFile; fileRef = A8F468BA2B007EA40016719B /* TwitterUser.swift */; };
		A8F468BD2B0080430016719B /* DatabaseManager.swift in Sources */ = {isa = PBXBuildFile; fileRef = A8F468BC2B0080430016719B /* DatabaseManager.swift */; };
		A8F468BF2B0088950016719B /* HomeViewViewModel.swift in Sources */ = {isa = PBXBuildFile; fileRef = A8F468BE2B0088950016719B /* HomeViewViewModel.swift */; };
		A8F468C12B00AF140016719B /* ProfileDataFormViewController.swift in Sources */ = {isa = PBXBuildFile; fileRef = A8F468C02B00AF140016719B /* ProfileDataFormViewController.swift */; };
		A8F468C32B00B3D10016719B /* ProfileDataFromViewViewModel.swift in Sources */ = {isa = PBXBuildFile; fileRef = A8F468C22B00B3D10016719B /* ProfileDataFromViewViewModel.swift */; };
/* End PBXBuildFile section */

/* Begin PBXFileReference section */
		A808FA432AEA090C0056C484 /* HomeViewController.swift */ = {isa = PBXFileReference; lastKnownFileType = sourcecode.swift; path = HomeViewController.swift; sourceTree = "<group>"; };
		A808FA452AEA091F0056C484 /* SearchViewController.swift */ = {isa = PBXFileReference; lastKnownFileType = sourcecode.swift; path = SearchViewController.swift; sourceTree = "<group>"; };
		A808FA472AEA092B0056C484 /* NotificationViewController.swift */ = {isa = PBXFileReference; lastKnownFileType = sourcecode.swift; path = NotificationViewController.swift; sourceTree = "<group>"; };
		A808FA492AEA09450056C484 /* DirectMessagesViewController.swift */ = {isa = PBXFileReference; lastKnownFileType = sourcecode.swift; path = DirectMessagesViewController.swift; sourceTree = "<group>"; };
		A80D03802B04863300F63E39 /* StorageManager.swift */ = {isa = PBXFileReference; lastKnownFileType = sourcecode.swift; path = StorageManager.swift; sourceTree = "<group>"; };
		A80D03822B06163D00F63E39 /* ProfileViewViewModel.swift */ = {isa = PBXFileReference; lastKnownFileType = sourcecode.swift; path = ProfileViewViewModel.swift; sourceTree = "<group>"; };
		A80D03892B07522C00F63E39 /* UIColor.swift */ = {isa = PBXFileReference; lastKnownFileType = sourcecode.swift; path = UIColor.swift; sourceTree = "<group>"; };
		A80D038B2B07543100F63E39 /* TweetComposeViewController.swift */ = {isa = PBXFileReference; lastKnownFileType = sourcecode.swift; path = TweetComposeViewController.swift; sourceTree = "<group>"; };
		A827AD8B2AE371CC00D15C51 /* TwitterClone.app */ = {isa = PBXFileReference; explicitFileType = wrapper.application; includeInIndex = 0; path = TwitterClone.app; sourceTree = BUILT_PRODUCTS_DIR; };
		A827AD8E2AE371CC00D15C51 /* AppDelegate.swift */ = {isa = PBXFileReference; lastKnownFileType = sourcecode.swift; path = AppDelegate.swift; sourceTree = "<group>"; };
		A827AD902AE371CC00D15C51 /* SceneDelegate.swift */ = {isa = PBXFileReference; lastKnownFileType = sourcecode.swift; path = SceneDelegate.swift; sourceTree = "<group>"; };
		A827AD922AE371CC00D15C51 /* MainTabbarViewController.swift */ = {isa = PBXFileReference; lastKnownFileType = sourcecode.swift; path = MainTabbarViewController.swift; sourceTree = "<group>"; };
		A827AD972AE371CD00D15C51 /* Assets.xcassets */ = {isa = PBXFileReference; lastKnownFileType = folder.assetcatalog; path = Assets.xcassets; sourceTree = "<group>"; };
		A827AD9A2AE371CD00D15C51 /* Base */ = {isa = PBXFileReference; lastKnownFileType = file.storyboard; name = Base; path = Base.lproj/LaunchScreen.storyboard; sourceTree = "<group>"; };
		A827AD9C2AE371CD00D15C51 /* Info.plist */ = {isa = PBXFileReference; lastKnownFileType = text.plist.xml; path = Info.plist; sourceTree = "<group>"; };
		A8446C1F2B08A58D00B6A854 /* Tweet.swift */ = {isa = PBXFileReference; lastKnownFileType = sourcecode.swift; path = Tweet.swift; sourceTree = "<group>"; };
		A8446C212B08A62E00B6A854 /* TweetComposeViewViewModel.swift */ = {isa = PBXFileReference; lastKnownFileType = sourcecode.swift; path = TweetComposeViewViewModel.swift; sourceTree = "<group>"; };
		A84D3D302AF7415600319BA8 /* RegisterViewController.swift */ = {isa = PBXFileReference; lastKnownFileType = sourcecode.swift; path = RegisterViewController.swift; sourceTree = "<group>"; };
		A84D3D342AF8959800319BA8 /* AuthenticationViewViewModel.swift */ = {isa = PBXFileReference; lastKnownFileType = sourcecode.swift; path = AuthenticationViewViewModel.swift; sourceTree = "<group>"; };
		A84D3D372AFA29C700319BA8 /* AuthManager.swift */ = {isa = PBXFileReference; lastKnownFileType = sourcecode.swift; path = AuthManager.swift; sourceTree = "<group>"; };
		A8BE09B72AEBAF69000E3C9F /* TweetTableViewCell.swift */ = {isa = PBXFileReference; lastKnownFileType = sourcecode.swift; name = TweetTableViewCell.swift; path = TwitterClone/TweetTableViewCell.swift; sourceTree = SOURCE_ROOT; };
		A8BE09BD2AF1F22C000E3C9F /* ProfileViewController.swift */ = {isa = PBXFileReference; lastKnownFileType = sourcecode.swift; path = ProfileViewController.swift; sourceTree = "<group>"; };
		A8BE09BF2AF22364000E3C9F /* ProfileTableViewHeader.swift */ = {isa = PBXFileReference; lastKnownFileType = sourcecode.swift; path = ProfileTableViewHeader.swift; sourceTree = "<group>"; };
		A8BE09C12AF4D208000E3C9F /* GoogleService-Info.plist */ = {isa = PBXFileReference; fileEncoding = 4; lastKnownFileType = text.plist.xml; path = "GoogleService-Info.plist"; sourceTree = "<group>"; };
		A8BE09D72AF64086000E3C9F /* OnboardingViewController.swift */ = {isa = PBXFileReference; lastKnownFileType = sourcecode.swift; path = OnboardingViewController.swift; sourceTree = "<group>"; };
		A8F468B72AFC7C8D0016719B /* LoginViewController.swift */ = {isa = PBXFileReference; lastKnownFileType = sourcecode.swift; path = LoginViewController.swift; sourceTree = "<group>"; };
		A8F468BA2B007EA40016719B /* TwitterUser.swift */ = {isa = PBXFileReference; lastKnownFileType = sourcecode.swift; path = TwitterUser.swift; sourceTree = "<group>"; };
		A8F468BC2B0080430016719B /* DatabaseManager.swift */ = {isa = PBXFileReference; lastKnownFileType = sourcecode.swift; path = DatabaseManager.swift; sourceTree = "<group>"; };
		A8F468BE2B0088950016719B /* HomeViewViewModel.swift */ = {isa = PBXFileReference; lastKnownFileType = sourcecode.swift; path = HomeViewViewModel.swift; sourceTree = "<group>"; };
		A8F468C02B00AF140016719B /* ProfileDataFormViewController.swift */ = {isa = PBXFileReference; lastKnownFileType = sourcecode.swift; path = ProfileDataFormViewController.swift; sourceTree = "<group>"; };
		A8F468C22B00B3D10016719B /* ProfileDataFromViewViewModel.swift */ = {isa = PBXFileReference; lastKnownFileType = sourcecode.swift; path = ProfileDataFromViewViewModel.swift; sourceTree = "<group>"; };
/* End PBXFileReference section */

/* Begin PBXFrameworksBuildPhase section */
		A827AD882AE371CC00D15C51 /* Frameworks */ = {
			isa = PBXFrameworksBuildPhase;
			buildActionMask = 2147483647;
			files = (
				A8BE09CB2AF62217000E3C9F /* FirebaseDatabaseSwift in Frameworks */,
				A8BE09C92AF62217000E3C9F /* FirebaseDatabase in Frameworks */,
				A8BE09C52AF62217000E3C9F /* FirebaseAuth in Frameworks */,
				A8BE09D12AF62217000E3C9F /* FirebaseFirestoreSwift in Frameworks */,
				A80D03862B070B2600F63E39 /* SDWebImage in Frameworks */,
				A8BE09CF2AF62217000E3C9F /* FirebaseFirestoreCombine-Community in Frameworks */,
				A8BE09D32AF62217000E3C9F /* FirebaseStorage in Frameworks */,
				A8BE09CD2AF62217000E3C9F /* FirebaseFirestore in Frameworks */,
				A8BE09D52AF62217000E3C9F /* FirebaseStorageCombine-Community in Frameworks */,
				A8BE09C72AF62217000E3C9F /* FirebaseAuthCombine-Community in Frameworks */,
			);
			runOnlyForDeploymentPostprocessing = 0;
		};
/* End PBXFrameworksBuildPhase section */

/* Begin PBXGroup section */
		A808FA412AEA08EA0056C484 /* Controllers */ = {
			isa = PBXGroup;
			children = (
				A8BE09D62AF6405E000E3C9F /* Onboarding */,
				A8BE09BC2AF1F20C000E3C9F /* General */,
				A808FA422AEA08F40056C484 /* Core */,
			);
			path = Controllers;
			sourceTree = "<group>";
		};
		A808FA422AEA08F40056C484 /* Core */ = {
			isa = PBXGroup;
			children = (
				A827AD922AE371CC00D15C51 /* MainTabbarViewController.swift */,
				A808FA432AEA090C0056C484 /* HomeViewController.swift */,
				A808FA452AEA091F0056C484 /* SearchViewController.swift */,
				A808FA472AEA092B0056C484 /* NotificationViewController.swift */,
				A808FA492AEA09450056C484 /* DirectMessagesViewController.swift */,
			);
			path = Core;
			sourceTree = "<group>";
		};
		A80D03872B0751FA00F63E39 /* Utils */ = {
			isa = PBXGroup;
			children = (
				A80D03882B07520A00F63E39 /* Extension+UIColor */,
			);
			path = Utils;
			sourceTree = "<group>";
		};
		A80D03882B07520A00F63E39 /* Extension+UIColor */ = {
			isa = PBXGroup;
			children = (
				A80D03892B07522C00F63E39 /* UIColor.swift */,
			);
			path = "Extension+UIColor";
			sourceTree = "<group>";
		};
		A827AD822AE371CC00D15C51 = {
			isa = PBXGroup;
			children = (
				A827AD8D2AE371CC00D15C51 /* TwitterClone */,
				A827AD8C2AE371CC00D15C51 /* Products */,
			);
			sourceTree = "<group>";
		};
		A827AD8C2AE371CC00D15C51 /* Products */ = {
			isa = PBXGroup;
			children = (
				A827AD8B2AE371CC00D15C51 /* TwitterClone.app */,
			);
			name = Products;
			sourceTree = "<group>";
		};
		A827AD8D2AE371CC00D15C51 /* TwitterClone */ = {
			isa = PBXGroup;
			children = (
				A80D03872B0751FA00F63E39 /* Utils */,
				A8F468B92B007E660016719B /* Models */,
				A84D3D362AFA29B400319BA8 /* Networking */,
				A84D3D332AF8957C00319BA8 /* ViewModels */,
				A8BE09B62AEA51C5000E3C9F /* Views */,
				A808FA412AEA08EA0056C484 /* Controllers */,
				A827AD8E2AE371CC00D15C51 /* AppDelegate.swift */,
				A827AD902AE371CC00D15C51 /* SceneDelegate.swift */,
				A827AD972AE371CD00D15C51 /* Assets.xcassets */,
				A827AD992AE371CD00D15C51 /* LaunchScreen.storyboard */,
				A827AD9C2AE371CD00D15C51 /* Info.plist */,
				A8BE09C12AF4D208000E3C9F /* GoogleService-Info.plist */,
			);
			path = TwitterClone;
			sourceTree = "<group>";
		};
		A84D3D332AF8957C00319BA8 /* ViewModels */ = {
			isa = PBXGroup;
			children = (
				A84D3D342AF8959800319BA8 /* AuthenticationViewViewModel.swift */,
				A8F468BE2B0088950016719B /* HomeViewViewModel.swift */,
				A8F468C22B00B3D10016719B /* ProfileDataFromViewViewModel.swift */,
				A80D03822B06163D00F63E39 /* ProfileViewViewModel.swift */,
				A8446C212B08A62E00B6A854 /* TweetComposeViewViewModel.swift */,
			);
			path = ViewModels;
			sourceTree = "<group>";
		};
		A84D3D362AFA29B400319BA8 /* Networking */ = {
			isa = PBXGroup;
			children = (
				A84D3D372AFA29C700319BA8 /* AuthManager.swift */,
				A8F468BC2B0080430016719B /* DatabaseManager.swift */,
				A80D03802B04863300F63E39 /* StorageManager.swift */,
			);
			path = Networking;
			sourceTree = "<group>";
		};
		A8BE09B62AEA51C5000E3C9F /* Views */ = {
			isa = PBXGroup;
			children = (
				A8BE09B72AEBAF69000E3C9F /* TweetTableViewCell.swift */,
				A8BE09BF2AF22364000E3C9F /* ProfileTableViewHeader.swift */,
			);
			path = Views;
			sourceTree = "<group>";
		};
		A8BE09BC2AF1F20C000E3C9F /* General */ = {
			isa = PBXGroup;
			children = (
				A8BE09BD2AF1F22C000E3C9F /* ProfileViewController.swift */,
				A8F468C02B00AF140016719B /* ProfileDataFormViewController.swift */,
				A80D038B2B07543100F63E39 /* TweetComposeViewController.swift */,
			);
			path = General;
			sourceTree = "<group>";
		};
		A8BE09D62AF6405E000E3C9F /* Onboarding */ = {
			isa = PBXGroup;
			children = (
				A8BE09D72AF64086000E3C9F /* OnboardingViewController.swift */,
				A84D3D302AF7415600319BA8 /* RegisterViewController.swift */,
				A8F468B72AFC7C8D0016719B /* LoginViewController.swift */,
			);
			path = Onboarding;
			sourceTree = "<group>";
		};
		A8F468B92B007E660016719B /* Models */ = {
			isa = PBXGroup;
			children = (
				A8F468BA2B007EA40016719B /* TwitterUser.swift */,
				A8446C1F2B08A58D00B6A854 /* Tweet.swift */,
			);
			path = Models;
			sourceTree = "<group>";
		};
/* End PBXGroup section */

/* Begin PBXNativeTarget section */
		A827AD8A2AE371CC00D15C51 /* TwitterClone */ = {
			isa = PBXNativeTarget;
			buildConfigurationList = A827AD9F2AE371CD00D15C51 /* Build configuration list for PBXNativeTarget "TwitterClone" */;
			buildPhases = (
				A827AD872AE371CC00D15C51 /* Sources */,
				A827AD882AE371CC00D15C51 /* Frameworks */,
				A827AD892AE371CC00D15C51 /* Resources */,
			);
			buildRules = (
			);
			dependencies = (
			);
			name = TwitterClone;
			packageProductDependencies = (
				A8BE09C42AF62217000E3C9F /* FirebaseAuth */,
				A8BE09C62AF62217000E3C9F /* FirebaseAuthCombine-Community */,
				A8BE09C82AF62217000E3C9F /* FirebaseDatabase */,
				A8BE09CA2AF62217000E3C9F /* FirebaseDatabaseSwift */,
				A8BE09CC2AF62217000E3C9F /* FirebaseFirestore */,
				A8BE09CE2AF62217000E3C9F /* FirebaseFirestoreCombine-Community */,
				A8BE09D02AF62217000E3C9F /* FirebaseFirestoreSwift */,
				A8BE09D22AF62217000E3C9F /* FirebaseStorage */,
				A8BE09D42AF62217000E3C9F /* FirebaseStorageCombine-Community */,
				A80D03852B070B2600F63E39 /* SDWebImage */,
			);
			productName = TwitterClone;
			productReference = A827AD8B2AE371CC00D15C51 /* TwitterClone.app */;
			productType = "com.apple.product-type.application";
		};
/* End PBXNativeTarget section */

/* Begin PBXProject section */
		A827AD832AE371CC00D15C51 /* Project object */ = {
			isa = PBXProject;
			attributes = {
				BuildIndependentTargetsInParallel = 1;
				LastSwiftUpdateCheck = 1420;
				LastUpgradeCheck = 1420;
				TargetAttributes = {
					A827AD8A2AE371CC00D15C51 = {
						CreatedOnToolsVersion = 14.2;
					};
				};
			};
			buildConfigurationList = A827AD862AE371CC00D15C51 /* Build configuration list for PBXProject "TwitterClone" */;
			compatibilityVersion = "Xcode 14.0";
			developmentRegion = en;
			hasScannedForEncodings = 0;
			knownRegions = (
				en,
				Base,
			);
			mainGroup = A827AD822AE371CC00D15C51;
			packageReferences = (
				A8BE09C32AF62217000E3C9F /* XCRemoteSwiftPackageReference "firebase-ios-sdk" */,
				A80D03842B070B2600F63E39 /* XCRemoteSwiftPackageReference "SDWebImage" */,
			);
			productRefGroup = A827AD8C2AE371CC00D15C51 /* Products */;
			projectDirPath = "";
			projectRoot = "";
			targets = (
				A827AD8A2AE371CC00D15C51 /* TwitterClone */,
			);
		};
/* End PBXProject section */

/* Begin PBXResourcesBuildPhase section */
		A827AD892AE371CC00D15C51 /* Resources */ = {
			isa = PBXResourcesBuildPhase;
			buildActionMask = 2147483647;
			files = (
				A827AD9B2AE371CD00D15C51 /* LaunchScreen.storyboard in Resources */,
				A827AD982AE371CD00D15C51 /* Assets.xcassets in Resources */,
				A8BE09C22AF4D208000E3C9F /* GoogleService-Info.plist in Resources */,
			);
			runOnlyForDeploymentPostprocessing = 0;
		};
/* End PBXResourcesBuildPhase section */

/* Begin PBXSourcesBuildPhase section */
		A827AD872AE371CC00D15C51 /* Sources */ = {
			isa = PBXSourcesBuildPhase;
			buildActionMask = 2147483647;
			files = (
				A808FA462AEA091F0056C484 /* SearchViewController.swift in Sources */,
				A827AD932AE371CC00D15C51 /* MainTabbarViewController.swift in Sources */,
				A80D038C2B07543100F63E39 /* TweetComposeViewController.swift in Sources */,
				A808FA482AEA092B0056C484 /* NotificationViewController.swift in Sources */,
				A80D03812B04863300F63E39 /* StorageManager.swift in Sources */,
				A8F468B82AFC7C8D0016719B /* LoginViewController.swift in Sources */,
				A8F468BD2B0080430016719B /* DatabaseManager.swift in Sources */,
				A84D3D312AF7415600319BA8 /* RegisterViewController.swift in Sources */,
				A80D03832B06163D00F63E39 /* ProfileViewViewModel.swift in Sources */,
				A827AD8F2AE371CC00D15C51 /* AppDelegate.swift in Sources */,
				A84D3D382AFA29C700319BA8 /* AuthManager.swift in Sources */,
				A8446C202B08A58D00B6A854 /* Tweet.swift in Sources */,
				A80D038A2B07522C00F63E39 /* UIColor.swift in Sources */,
				A827AD912AE371CC00D15C51 /* SceneDelegate.swift in Sources */,
				A8446C222B08A62E00B6A854 /* TweetComposeViewViewModel.swift in Sources */,
				A808FA442AEA090C0056C484 /* HomeViewController.swift in Sources */,
				A84D3D352AF8959800319BA8 /* AuthenticationViewViewModel.swift in Sources */,
				A8BE09BE2AF1F22C000E3C9F /* ProfileViewController.swift in Sources */,
				A808FA4A2AEA09450056C484 /* DirectMessagesViewController.swift in Sources */,
				A8BE09C02AF22364000E3C9F /* ProfileTableViewHeader.swift in Sources */,
				A8F468C12B00AF140016719B /* ProfileDataFormViewController.swift in Sources */,
				A8F468C32B00B3D10016719B /* ProfileDataFromViewViewModel.swift in Sources */,
				A8BE09D82AF64086000E3C9F /* OnboardingViewController.swift in Sources */,
				A8F468BB2B007EA40016719B /* TwitterUser.swift in Sources */,
				A8F468BF2B0088950016719B /* HomeViewViewModel.swift in Sources */,
				A8BE09B82AEBAF69000E3C9F /* TweetTableViewCell.swift in Sources */,
			);
			runOnlyForDeploymentPostprocessing = 0;
		};
/* End PBXSourcesBuildPhase section */

/* Begin PBXVariantGroup section */
		A827AD992AE371CD00D15C51 /* LaunchScreen.storyboard */ = {
			isa = PBXVariantGroup;
			children = (
				A827AD9A2AE371CD00D15C51 /* Base */,
			);
			name = LaunchScreen.storyboard;
			sourceTree = "<group>";
		};
/* End PBXVariantGroup section */

/* Begin XCBuildConfiguration section */
		A827AD9D2AE371CD00D15C51 /* Debug */ = {
			isa = XCBuildConfiguration;
			buildSettings = {
				ALWAYS_SEARCH_USER_PATHS = NO;
				CLANG_ANALYZER_NONNULL = YES;
				CLANG_ANALYZER_NUMBER_OBJECT_CONVERSION = YES_AGGRESSIVE;
				CLANG_CXX_LANGUAGE_STANDARD = "gnu++20";
				CLANG_ENABLE_MODULES = YES;
				CLANG_ENABLE_OBJC_ARC = YES;
				CLANG_ENABLE_OBJC_WEAK = YES;
				CLANG_WARN_BLOCK_CAPTURE_AUTORELEASING = YES;
				CLANG_WARN_BOOL_CONVERSION = YES;
				CLANG_WARN_COMMA = YES;
				CLANG_WARN_CONSTANT_CONVERSION = YES;
				CLANG_WARN_DEPRECATED_OBJC_IMPLEMENTATIONS = YES;
				CLANG_WARN_DIRECT_OBJC_ISA_USAGE = YES_ERROR;
				CLANG_WARN_DOCUMENTATION_COMMENTS = YES;
				CLANG_WARN_EMPTY_BODY = YES;
				CLANG_WARN_ENUM_CONVERSION = YES;
				CLANG_WARN_INFINITE_RECURSION = YES;
				CLANG_WARN_INT_CONVERSION = YES;
				CLANG_WARN_NON_LITERAL_NULL_CONVERSION = YES;
				CLANG_WARN_OBJC_IMPLICIT_RETAIN_SELF = YES;
				CLANG_WARN_OBJC_LITERAL_CONVERSION = YES;
				CLANG_WARN_OBJC_ROOT_CLASS = YES_ERROR;
				CLANG_WARN_QUOTED_INCLUDE_IN_FRAMEWORK_HEADER = YES;
				CLANG_WARN_RANGE_LOOP_ANALYSIS = YES;
				CLANG_WARN_STRICT_PROTOTYPES = YES;
				CLANG_WARN_SUSPICIOUS_MOVE = YES;
				CLANG_WARN_UNGUARDED_AVAILABILITY = YES_AGGRESSIVE;
				CLANG_WARN_UNREACHABLE_CODE = YES;
				CLANG_WARN__DUPLICATE_METHOD_MATCH = YES;
				COPY_PHASE_STRIP = NO;
				DEBUG_INFORMATION_FORMAT = dwarf;
				ENABLE_STRICT_OBJC_MSGSEND = YES;
				ENABLE_TESTABILITY = YES;
				GCC_C_LANGUAGE_STANDARD = gnu11;
				GCC_DYNAMIC_NO_PIC = NO;
				GCC_NO_COMMON_BLOCKS = YES;
				GCC_OPTIMIZATION_LEVEL = 0;
				GCC_PREPROCESSOR_DEFINITIONS = (
					"DEBUG=1",
					"$(inherited)",
				);
				GCC_WARN_64_TO_32_BIT_CONVERSION = YES;
				GCC_WARN_ABOUT_RETURN_TYPE = YES_ERROR;
				GCC_WARN_UNDECLARED_SELECTOR = YES;
				GCC_WARN_UNINITIALIZED_AUTOS = YES_AGGRESSIVE;
				GCC_WARN_UNUSED_FUNCTION = YES;
				GCC_WARN_UNUSED_VARIABLE = YES;
				IPHONEOS_DEPLOYMENT_TARGET = 16.2;
				MTL_ENABLE_DEBUG_INFO = INCLUDE_SOURCE;
				MTL_FAST_MATH = YES;
				ONLY_ACTIVE_ARCH = YES;
				SDKROOT = iphoneos;
				SWIFT_ACTIVE_COMPILATION_CONDITIONS = DEBUG;
				SWIFT_OPTIMIZATION_LEVEL = "-Onone";
			};
			name = Debug;
		};
		A827AD9E2AE371CD00D15C51 /* Release */ = {
			isa = XCBuildConfiguration;
			buildSettings = {
				ALWAYS_SEARCH_USER_PATHS = NO;
				CLANG_ANALYZER_NONNULL = YES;
				CLANG_ANALYZER_NUMBER_OBJECT_CONVERSION = YES_AGGRESSIVE;
				CLANG_CXX_LANGUAGE_STANDARD = "gnu++20";
				CLANG_ENABLE_MODULES = YES;
				CLANG_ENABLE_OBJC_ARC = YES;
				CLANG_ENABLE_OBJC_WEAK = YES;
				CLANG_WARN_BLOCK_CAPTURE_AUTORELEASING = YES;
				CLANG_WARN_BOOL_CONVERSION = YES;
				CLANG_WARN_COMMA = YES;
				CLANG_WARN_CONSTANT_CONVERSION = YES;
				CLANG_WARN_DEPRECATED_OBJC_IMPLEMENTATIONS = YES;
				CLANG_WARN_DIRECT_OBJC_ISA_USAGE = YES_ERROR;
				CLANG_WARN_DOCUMENTATION_COMMENTS = YES;
				CLANG_WARN_EMPTY_BODY = YES;
				CLANG_WARN_ENUM_CONVERSION = YES;
				CLANG_WARN_INFINITE_RECURSION = YES;
				CLANG_WARN_INT_CONVERSION = YES;
				CLANG_WARN_NON_LITERAL_NULL_CONVERSION = YES;
				CLANG_WARN_OBJC_IMPLICIT_RETAIN_SELF = YES;
				CLANG_WARN_OBJC_LITERAL_CONVERSION = YES;
				CLANG_WARN_OBJC_ROOT_CLASS = YES_ERROR;
				CLANG_WARN_QUOTED_INCLUDE_IN_FRAMEWORK_HEADER = YES;
				CLANG_WARN_RANGE_LOOP_ANALYSIS = YES;
				CLANG_WARN_STRICT_PROTOTYPES = YES;
				CLANG_WARN_SUSPICIOUS_MOVE = YES;
				CLANG_WARN_UNGUARDED_AVAILABILITY = YES_AGGRESSIVE;
				CLANG_WARN_UNREACHABLE_CODE = YES;
				CLANG_WARN__DUPLICATE_METHOD_MATCH = YES;
				COPY_PHASE_STRIP = NO;
				DEBUG_INFORMATION_FORMAT = "dwarf-with-dsym";
				ENABLE_NS_ASSERTIONS = NO;
				ENABLE_STRICT_OBJC_MSGSEND = YES;
				GCC_C_LANGUAGE_STANDARD = gnu11;
				GCC_NO_COMMON_BLOCKS = YES;
				GCC_WARN_64_TO_32_BIT_CONVERSION = YES;
				GCC_WARN_ABOUT_RETURN_TYPE = YES_ERROR;
				GCC_WARN_UNDECLARED_SELECTOR = YES;
				GCC_WARN_UNINITIALIZED_AUTOS = YES_AGGRESSIVE;
				GCC_WARN_UNUSED_FUNCTION = YES;
				GCC_WARN_UNUSED_VARIABLE = YES;
				IPHONEOS_DEPLOYMENT_TARGET = 16.2;
				MTL_ENABLE_DEBUG_INFO = NO;
				MTL_FAST_MATH = YES;
				SDKROOT = iphoneos;
				SWIFT_COMPILATION_MODE = wholemodule;
				SWIFT_OPTIMIZATION_LEVEL = "-O";
				VALIDATE_PRODUCT = YES;
			};
			name = Release;
		};
		A827ADA02AE371CD00D15C51 /* Debug */ = {
			isa = XCBuildConfiguration;
			buildSettings = {
				ASSETCATALOG_COMPILER_APPICON_NAME = AppIcon;
				ASSETCATALOG_COMPILER_GLOBAL_ACCENT_COLOR_NAME = AccentColor;
				CODE_SIGN_STYLE = Automatic;
				CURRENT_PROJECT_VERSION = 1;
				DEVELOPMENT_TEAM = AK7S865VNK;
				GENERATE_INFOPLIST_FILE = YES;
				INFOPLIST_FILE = TwitterClone/Info.plist;
				INFOPLIST_KEY_UIApplicationSupportsIndirectInputEvents = YES;
				INFOPLIST_KEY_UILaunchStoryboardName = LaunchScreen;
				INFOPLIST_KEY_UISupportedInterfaceOrientations_iPad = "UIInterfaceOrientationPortrait UIInterfaceOrientationPortraitUpsideDown UIInterfaceOrientationLandscapeLeft UIInterfaceOrientationLandscapeRight";
				INFOPLIST_KEY_UISupportedInterfaceOrientations_iPhone = "UIInterfaceOrientationPortrait UIInterfaceOrientationLandscapeLeft UIInterfaceOrientationLandscapeRight";
				LD_RUNPATH_SEARCH_PATHS = (
					"$(inherited)",
					"@executable_path/Frameworks",
				);
				MARKETING_VERSION = 1.0;
				PRODUCT_BUNDLE_IDENTIFIER = com.G2.TwitterClone;
				PRODUCT_NAME = "$(TARGET_NAME)";
				SWIFT_EMIT_LOC_STRINGS = YES;
				SWIFT_VERSION = 5.0;
				TARGETED_DEVICE_FAMILY = "1,2";
			};
			name = Debug;
		};
		A827ADA12AE371CD00D15C51 /* Release */ = {
			isa = XCBuildConfiguration;
			buildSettings = {
				ASSETCATALOG_COMPILER_APPICON_NAME = AppIcon;
				ASSETCATALOG_COMPILER_GLOBAL_ACCENT_COLOR_NAME = AccentColor;
				CODE_SIGN_STYLE = Automatic;
				CURRENT_PROJECT_VERSION = 1;
				DEVELOPMENT_TEAM = AK7S865VNK;
				GENERATE_INFOPLIST_FILE = YES;
				INFOPLIST_FILE = TwitterClone/Info.plist;
				INFOPLIST_KEY_UIApplicationSupportsIndirectInputEvents = YES;
				INFOPLIST_KEY_UILaunchStoryboardName = LaunchScreen;
				INFOPLIST_KEY_UISupportedInterfaceOrientations_iPad = "UIInterfaceOrientationPortrait UIInterfaceOrientationPortraitUpsideDown UIInterfaceOrientationLandscapeLeft UIInterfaceOrientationLandscapeRight";
				INFOPLIST_KEY_UISupportedInterfaceOrientations_iPhone = "UIInterfaceOrientationPortrait UIInterfaceOrientationLandscapeLeft UIInterfaceOrientationLandscapeRight";
				LD_RUNPATH_SEARCH_PATHS = (
					"$(inherited)",
					"@executable_path/Frameworks",
				);
				MARKETING_VERSION = 1.0;
				PRODUCT_BUNDLE_IDENTIFIER = com.G2.TwitterClone;
				PRODUCT_NAME = "$(TARGET_NAME)";
				SWIFT_EMIT_LOC_STRINGS = YES;
				SWIFT_VERSION = 5.0;
				TARGETED_DEVICE_FAMILY = "1,2";
			};
			name = Release;
		};
/* End XCBuildConfiguration section */

/* Begin XCConfigurationList section */
		A827AD862AE371CC00D15C51 /* Build configuration list for PBXProject "TwitterClone" */ = {
			isa = XCConfigurationList;
			buildConfigurations = (
				A827AD9D2AE371CD00D15C51 /* Debug */,
				A827AD9E2AE371CD00D15C51 /* Release */,
			);
			defaultConfigurationIsVisible = 0;
			defaultConfigurationName = Release;
		};
		A827AD9F2AE371CD00D15C51 /* Build configuration list for PBXNativeTarget "TwitterClone" */ = {
			isa = XCConfigurationList;
			buildConfigurations = (
				A827ADA02AE371CD00D15C51 /* Debug */,
				A827ADA12AE371CD00D15C51 /* Release */,
			);
			defaultConfigurationIsVisible = 0;
			defaultConfigurationName = Release;
		};
/* End XCConfigurationList section */

/* Begin XCRemoteSwiftPackageReference section */
		A80D03842B070B2600F63E39 /* XCRemoteSwiftPackageReference "SDWebImage" */ = {
			isa = XCRemoteSwiftPackageReference;
			repositoryURL = "https://github.com/SDWebImage/SDWebImage.git";
			requirement = {
				branch = master;
				kind = branch;
			};
		};
		A8BE09C32AF62217000E3C9F /* XCRemoteSwiftPackageReference "firebase-ios-sdk" */ = {
			isa = XCRemoteSwiftPackageReference;
			repositoryURL = "https://github.com/firebase/firebase-ios-sdk";
			requirement = {
				kind = upToNextMinorVersion;
				minimumVersion = 9.6.0;
			};
		};
/* End XCRemoteSwiftPackageReference section */

/* Begin XCSwiftPackageProductDependency section */
		A80D03852B070B2600F63E39 /* SDWebImage */ = {
			isa = XCSwiftPackageProductDependency;
			package = A80D03842B070B2600F63E39 /* XCRemoteSwiftPackageReference "SDWebImage" */;
			productName = SDWebImage;
		};
		A8BE09C42AF62217000E3C9F /* FirebaseAuth */ = {
			isa = XCSwiftPackageProductDependency;
			package = A8BE09C32AF62217000E3C9F /* XCRemoteSwiftPackageReference "firebase-ios-sdk" */;
			productName = FirebaseAuth;
		};
		A8BE09C62AF62217000E3C9F /* FirebaseAuthCombine-Community */ = {
			isa = XCSwiftPackageProductDependency;
			package = A8BE09C32AF62217000E3C9F /* XCRemoteSwiftPackageReference "firebase-ios-sdk" */;
			productName = "FirebaseAuthCombine-Community";
		};
		A8BE09C82AF62217000E3C9F /* FirebaseDatabase */ = {
			isa = XCSwiftPackageProductDependency;
			package = A8BE09C32AF62217000E3C9F /* XCRemoteSwiftPackageReference "firebase-ios-sdk" */;
			productName = FirebaseDatabase;
		};
		A8BE09CA2AF62217000E3C9F /* FirebaseDatabaseSwift */ = {
			isa = XCSwiftPackageProductDependency;
			package = A8BE09C32AF62217000E3C9F /* XCRemoteSwiftPackageReference "firebase-ios-sdk" */;
			productName = FirebaseDatabaseSwift;
		};
		A8BE09CC2AF62217000E3C9F /* FirebaseFirestore */ = {
			isa = XCSwiftPackageProductDependency;
			package = A8BE09C32AF62217000E3C9F /* XCRemoteSwiftPackageReference "firebase-ios-sdk" */;
			productName = FirebaseFirestore;
		};
		A8BE09CE2AF62217000E3C9F /* FirebaseFirestoreCombine-Community */ = {
			isa = XCSwiftPackageProductDependency;
			package = A8BE09C32AF62217000E3C9F /* XCRemoteSwiftPackageReference "firebase-ios-sdk" */;
			productName = "FirebaseFirestoreCombine-Community";
		};
		A8BE09D02AF62217000E3C9F /* FirebaseFirestoreSwift */ = {
			isa = XCSwiftPackageProductDependency;
			package = A8BE09C32AF62217000E3C9F /* XCRemoteSwiftPackageReference "firebase-ios-sdk" */;
			productName = FirebaseFirestoreSwift;
		};
		A8BE09D22AF62217000E3C9F /* FirebaseStorage */ = {
			isa = XCSwiftPackageProductDependency;
			package = A8BE09C32AF62217000E3C9F /* XCRemoteSwiftPackageReference "firebase-ios-sdk" */;
			productName = FirebaseStorage;
		};
		A8BE09D42AF62217000E3C9F /* FirebaseStorageCombine-Community */ = {
			isa = XCSwiftPackageProductDependency;
			package = A8BE09C32AF62217000E3C9F /* XCRemoteSwiftPackageReference "firebase-ios-sdk" */;
			productName = "FirebaseStorageCombine-Community";
		};
/* End XCSwiftPackageProductDependency section */
	};
	rootObject = A827AD832AE371CC00D15C51 /* Project object */;
}
